Microsoft Visual Studio Solution File, Format Version 12.00
# Visual Studio 15
VisualStudioVersion = 15.0.27130.2036
MinimumVisualStudioVersion = 10.0.40219.1
Project("{FAE04EC0-301F-11D3-BF4B-00C04F79EFBC}") = "HardScale", "HardScale\HardScale.csproj", "{35467FF0-6F50-43D9-94CF-F3BD13B24899}"
EndProject
Global
	GlobalSection(SolutionConfigurationPlatforms) = preSolution
		Debug|Any CPU = Debug|Any CPU
		Release|Any CPU = Release|Any CPU
	EndGlobalSection
	GlobalSection(ProjectConfigurationPlatforms) = postSolution
		{35467FF0-6F50-43D9-94CF-F3BD13B24899}.Debug|Any CPU.ActiveCfg = Debug|Any CPU
		{35467FF0-6F50-43D9-94CF-F3BD13B24899}.Debug|Any CPU.Build.0 = Debug|Any CPU
		{35467FF0-6F50-43D9-94CF-F3BD13B24899}.Release|Any CPU.ActiveCfg = Release|Any CPU
		{35467FF0-6F50-43D9-94CF-F3BD13B24899}.Release|Any CPU.Build.0 = Release|Any CPU
	EndGlobalSection
	GlobalSection(SolutionProperties) = preSolution
		HideSolutionNode = FALSE
	EndGlobalSection
	GlobalSection(ExtensibilityGlobals) = postSolution
		SolutionGuid = {f6839df1-1d9a-444e-89b8-68e1e6dbd4e7}%
	EndGlobalSection
EndGlobal
